{
  "name": "he-validation",
  "version": "2.0.2",
  "lockfileVersion": 1,
  "requires": true,
  "dependencies": {
    "date-format-lite": {
      "version": "17.7.0",
      "resolved": "https://registry.npmjs.org/date-format-lite/-/date-format-lite-17.7.0.tgz",
      "integrity": "sha1-ONxsgAgB9CI6oH4SlCPpOHcggQY="
    }
  }
}
